
Microsoft Visual Studio Solution File, Format Version 12.00
# Visual Studio Version 17
VisualStudioVersion = 17.3.32811.315
MinimumVisualStudioVersion = 10.0.40219.1
Project("{2150E333-8FDC-42A3-9474-1A3956D46DE8}") = "MySQL", "MySQL", "{01DF295F-5CD3-4D5C-98FE-901AC08AD747}"
EndProject
Project("{2150E333-8FDC-42A3-9474-1A3956D46DE8}") = "MsSQL", "MsSQL", "{EED5A43D-DAD9-4D00-82F4-71A17B6616DB}"
EndProject
Project("{FAE04EC0-301F-11D3-BF4B-00C04F79EFBC}") = "MySQLHelper60", "MySQL\MySQLHelper60\MySQLHelper60.csproj", "{55904362-86BE-4E85-8D83-BE8CF3D33EEE}"
EndProject
Project("{FAE04EC0-301F-11D3-BF4B-00C04F79EFBC}") = "MySQLHelper31", "MySQL\MySQLHelper31\MySQLHelper31.csproj", "{1F0FF5A5-B58B-4322-A9D5-B41FD854E8B2}"
EndProject
Project("{FAE04EC0-301F-11D3-BF4B-00C04F79EFBC}") = "MySQLHelper452", "MySQL\MySQLHelper452\MySQLHelper452.csproj", "{E268A2D7-3EF5-42F0-A88F-E488D4AD9BB8}"
EndProject
Project("{FAE04EC0-301F-11D3-BF4B-00C04F79EFBC}") = "MsSQLHelper60", "MsSQL\MsSQLHelper60\MsSQLHelper60.csproj", "{04F203A9-1D50-4B20-885F-357B80906785}"
EndProject
Project("{FAE04EC0-301F-11D3-BF4B-00C04F79EFBC}") = "MsSQLHelper31", "MsSQL\MsSQLHelper31\MsSQLHelper31.csproj", "{191C103A-E6CE-4518-A499-71099A3FF5E8}"
EndProject
Project("{FAE04EC0-301F-11D3-BF4B-00C04F79EFBC}") = "MsSQLHelper452", "MsSQL\MsSQLHelper452\MsSQLHelper452.csproj", "{48E4761E-D44B-4330-9172-F8583CF03D17}"
EndProject
Project("{2150E333-8FDC-42A3-9474-1A3956D46DE8}") = "ExtensionCallers", "ExtensionCallers", "{1A50984D-699D-46C9-86F7-AFC1B4F514B2}"
EndProject
Project("{FAE04EC0-301F-11D3-BF4B-00C04F79EFBC}") = "ExtensionTesterCore", "ExtensionCallers\ExtensionTesterCore\ExtensionTesterCore.csproj", "{C81D4796-5A64-4995-B4EB-D98419D5AD5F}"
EndProject
Project("{FAE04EC0-301F-11D3-BF4B-00C04F79EFBC}") = "ExtensionTesterFramework", "ExtensionCallers\ExtensionTesterFramework\ExtensionTesterFramework.csproj", "{F9406FA2-A82A-4F25-8F7D-17F884508E5E}"
EndProject
Project("{FAE04EC0-301F-11D3-BF4B-00C04F79EFBC}") = "ExtensionTesterDI", "ExtensionCallers\ExtensionTesterDI\ExtensionTesterDI.csproj", "{0FD0B1E3-E3DC-43ED-8C90-7E9041280B64}"
EndProject
Global
	GlobalSection(SolutionConfigurationPlatforms) = preSolution
		Debug|Any CPU = Debug|Any CPU
		Release|Any CPU = Release|Any CPU
	EndGlobalSection
	GlobalSection(ProjectConfigurationPlatforms) = postSolution
		{55904362-86BE-4E85-8D83-BE8CF3D33EEE}.Debug|Any CPU.ActiveCfg = Debug|Any CPU
		{55904362-86BE-4E85-8D83-BE8CF3D33EEE}.Debug|Any CPU.Build.0 = Debug|Any CPU
		{55904362-86BE-4E85-8D83-BE8CF3D33EEE}.Release|Any CPU.ActiveCfg = Release|Any CPU
		{55904362-86BE-4E85-8D83-BE8CF3D33EEE}.Release|Any CPU.Build.0 = Release|Any CPU
		{1F0FF5A5-B58B-4322-A9D5-B41FD854E8B2}.Debug|Any CPU.ActiveCfg = Debug|Any CPU
		{1F0FF5A5-B58B-4322-A9D5-B41FD854E8B2}.Debug|Any CPU.Build.0 = Debug|Any CPU
		{1F0FF5A5-B58B-4322-A9D5-B41FD854E8B2}.Release|Any CPU.ActiveCfg = Release|Any CPU
		{1F0FF5A5-B58B-4322-A9D5-B41FD854E8B2}.Release|Any CPU.Build.0 = Release|Any CPU
		{E268A2D7-3EF5-42F0-A88F-E488D4AD9BB8}.Debug|Any CPU.ActiveCfg = Debug|Any CPU
		{E268A2D7-3EF5-42F0-A88F-E488D4AD9BB8}.Debug|Any CPU.Build.0 = Debug|Any CPU
		{E268A2D7-3EF5-42F0-A88F-E488D4AD9BB8}.Release|Any CPU.ActiveCfg = Release|Any CPU
		{E268A2D7-3EF5-42F0-A88F-E488D4AD9BB8}.Release|Any CPU.Build.0 = Release|Any CPU
		{04F203A9-1D50-4B20-885F-357B80906785}.Debug|Any CPU.ActiveCfg = Debug|Any CPU
		{04F203A9-1D50-4B20-885F-357B80906785}.Debug|Any CPU.Build.0 = Debug|Any CPU
		{04F203A9-1D50-4B20-885F-357B80906785}.Release|Any CPU.ActiveCfg = Release|Any CPU
		{04F203A9-1D50-4B20-885F-357B80906785}.Release|Any CPU.Build.0 = Release|Any CPU
		{191C103A-E6CE-4518-A499-71099A3FF5E8}.Debug|Any CPU.ActiveCfg = Debug|Any CPU
		{191C103A-E6CE-4518-A499-71099A3FF5E8}.Debug|Any CPU.Build.0 = Debug|Any CPU
		{191C103A-E6CE-4518-A499-71099A3FF5E8}.Release|Any CPU.ActiveCfg = Release|Any CPU
		{191C103A-E6CE-4518-A499-71099A3FF5E8}.Release|Any CPU.Build.0 = Release|Any CPU
		{48E4761E-D44B-4330-9172-F8583CF03D17}.Debug|Any CPU.ActiveCfg = Debug|Any CPU
		{48E4761E-D44B-4330-9172-F8583CF03D17}.Debug|Any CPU.Build.0 = Debug|Any CPU
		{48E4761E-D44B-4330-9172-F8583CF03D17}.Release|Any CPU.ActiveCfg = Release|Any CPU
		{48E4761E-D44B-4330-9172-F8583CF03D17}.Release|Any CPU.Build.0 = Release|Any CPU
		{C81D4796-5A64-4995-B4EB-D98419D5AD5F}.Debug|Any CPU.ActiveCfg = Debug|Any CPU
		{C81D4796-5A64-4995-B4EB-D98419D5AD5F}.Debug|Any CPU.Build.0 = Debug|Any CPU
		{C81D4796-5A64-4995-B4EB-D98419D5AD5F}.Release|Any CPU.ActiveCfg = Release|Any CPU
		{C81D4796-5A64-4995-B4EB-D98419D5AD5F}.Release|Any CPU.Build.0 = Release|Any CPU
		{F9406FA2-A82A-4F25-8F7D-17F884508E5E}.Debug|Any CPU.ActiveCfg = Debug|Any CPU
		{F9406FA2-A82A-4F25-8F7D-17F884508E5E}.Debug|Any CPU.Build.0 = Debug|Any CPU
		{F9406FA2-A82A-4F25-8F7D-17F884508E5E}.Release|Any CPU.ActiveCfg = Release|Any CPU
		{F9406FA2-A82A-4F25-8F7D-17F884508E5E}.Release|Any CPU.Build.0 = Release|Any CPU
		{0FD0B1E3-E3DC-43ED-8C90-7E9041280B64}.Debug|Any CPU.ActiveCfg = Debug|Any CPU
		{0FD0B1E3-E3DC-43ED-8C90-7E9041280B64}.Debug|Any CPU.Build.0 = Debug|Any CPU
		{0FD0B1E3-E3DC-43ED-8C90-7E9041280B64}.Release|Any CPU.ActiveCfg = Release|Any CPU
		{0FD0B1E3-E3DC-43ED-8C90-7E9041280B64}.Release|Any CPU.Build.0 = Release|Any CPU
	EndGlobalSection
	GlobalSection(SolutionProperties) = preSolution
		HideSolutionNode = FALSE
	EndGlobalSection
	GlobalSection(NestedProjects) = preSolution
		{55904362-86BE-4E85-8D83-BE8CF3D33EEE} = {01DF295F-5CD3-4D5C-98FE-901AC08AD747}
		{1F0FF5A5-B58B-4322-A9D5-B41FD854E8B2} = {01DF295F-5CD3-4D5C-98FE-901AC08AD747}
		{E268A2D7-3EF5-42F0-A88F-E488D4AD9BB8} = {01DF295F-5CD3-4D5C-98FE-901AC08AD747}
		{04F203A9-1D50-4B20-885F-357B80906785} = {EED5A43D-DAD9-4D00-82F4-71A17B6616DB}
		{191C103A-E6CE-4518-A499-71099A3FF5E8} = {EED5A43D-DAD9-4D00-82F4-71A17B6616DB}
		{48E4761E-D44B-4330-9172-F8583CF03D17} = {EED5A43D-DAD9-4D00-82F4-71A17B6616DB}
		{C81D4796-5A64-4995-B4EB-D98419D5AD5F} = {1A50984D-699D-46C9-86F7-AFC1B4F514B2}
		{F9406FA2-A82A-4F25-8F7D-17F884508E5E} = {1A50984D-699D-46C9-86F7-AFC1B4F514B2}
		{0FD0B1E3-E3DC-43ED-8C90-7E9041280B64} = {1A50984D-699D-46C9-86F7-AFC1B4F514B2}
	EndGlobalSection
	GlobalSection(ExtensibilityGlobals) = postSolution
		SolutionGuid = {A78F7CF3-847C-41E7-B9AB-178C2FF6B81E}
	EndGlobalSection
EndGlobal
